
Microsoft Visual Studio Solution File, Format Version 12.00
# Visual Studio Version 16
VisualStudioVersion = 16.0.32510.428
MinimumVisualStudioVersion = 10.0.40219.1
Project("{2150E333-8FDC-42A3-9474-1A3956D46DE8}") = "Services", "Services", "{248A5E63-E417-46CA-9EA7-0D24E2FCAC80}"
EndProject
Project("{2150E333-8FDC-42A3-9474-1A3956D46DE8}") = "Catalog", "Catalog", "{1E9C0FAC-1AC3-4483-8B6F-064EF82DCC37}"
EndProject
Project("{FAE04EC0-301F-11D3-BF4B-00C04F79EFBC}") = "Catalog.API", "Services\Catalog\Catalog.API\Catalog.API.csproj", "{F07C9623-D45E-49B8-9C67-5D7040E74F33}"
EndProject
Global
	GlobalSection(SolutionConfigurationPlatforms) = preSolution
		Debug|Any CPU = Debug|Any CPU
		Release|Any CPU = Release|Any CPU
	EndGlobalSection
	GlobalSection(ProjectConfigurationPlatforms) = postSolution
		{F07C9623-D45E-49B8-9C67-5D7040E74F33}.Debug|Any CPU.ActiveCfg = Debug|Any CPU
		{F07C9623-D45E-49B8-9C67-5D7040E74F33}.Debug|Any CPU.Build.0 = Debug|Any CPU
		{F07C9623-D45E-49B8-9C67-5D7040E74F33}.Release|Any CPU.ActiveCfg = Release|Any CPU
		{F07C9623-D45E-49B8-9C67-5D7040E74F33}.Release|Any CPU.Build.0 = Release|Any CPU
	EndGlobalSection
	GlobalSection(SolutionProperties) = preSolution
		HideSolutionNode = FALSE
	EndGlobalSection
	GlobalSection(NestedProjects) = preSolution
		{1E9C0FAC-1AC3-4483-8B6F-064EF82DCC37} = {248A5E63-E417-46CA-9EA7-0D24E2FCAC80}
		{F07C9623-D45E-49B8-9C67-5D7040E74F33} = {1E9C0FAC-1AC3-4483-8B6F-064EF82DCC37}
	EndGlobalSection
	GlobalSection(ExtensibilityGlobals) = postSolution
		SolutionGuid = {A0B57093-AA71-4CDF-8FBD-25D0E7C6D0D4}
	EndGlobalSection
EndGlobal
